
Microsoft Visual Studio Solution File, Format Version 12.00
# Visual Studio 2013
VisualStudioVersion = 12.0.40629.0
MinimumVisualStudioVersion = 10.0.40219.1
Project("{8BC9CEB8-8B4A-11D0-8D11-00A0C91BC942}") = "ChatClient", "ChatClient\ChatClient.vcxproj", "{3CCE6BC6-774E-4A52-A211-DC32573955C7}"
EndProject
Project("{8BC9CEB8-8B4A-11D0-8D11-00A0C91BC942}") = "ChatServer", "ChatServer\ChatServer.vcxproj", "{F86C8123-DAA0-44C4-B1B1-B5F0AD447FA5}"
EndProject
Project("{8BC9CEB8-8B4A-11D0-8D11-00A0C91BC942}") = "Test", "Test\Test.vcxproj", "{9158C2D5-B93E-4A62-85CB-78FB8EBEE2FF}"
EndProject
Project("{FAE04EC0-301F-11D3-BF4B-00C04F79EFBC}") = "ChangeIndexSample", "ChangeIndexSample\ChangeIndexSample.csproj", "{D6C14753-EB98-4F5F-BF42-A358317C080B}"
EndProject
Global
	GlobalSection(SolutionConfigurationPlatforms) = preSolution
		Debug|Any CPU = Debug|Any CPU
		Debug|Mixed Platforms = Debug|Mixed Platforms
		Debug|Win32 = Debug|Win32
		Release|Any CPU = Release|Any CPU
		Release|Mixed Platforms = Release|Mixed Platforms
		Release|Win32 = Release|Win32
		Template|Any CPU = Template|Any CPU
		Template|Mixed Platforms = Template|Mixed Platforms
		Template|Win32 = Template|Win32
	EndGlobalSection
	GlobalSection(ProjectConfigurationPlatforms) = postSolution
		{3CCE6BC6-774E-4A52-A211-DC32573955C7}.Debug|Any CPU.ActiveCfg = Debug|Win32
		{3CCE6BC6-774E-4A52-A211-DC32573955C7}.Debug|Mixed Platforms.ActiveCfg = Debug|Win32
		{3CCE6BC6-774E-4A52-A211-DC32573955C7}.Debug|Mixed Platforms.Build.0 = Debug|Win32
		{3CCE6BC6-774E-4A52-A211-DC32573955C7}.Debug|Win32.ActiveCfg = Debug|Win32
		{3CCE6BC6-774E-4A52-A211-DC32573955C7}.Debug|Win32.Build.0 = Debug|Win32
		{3CCE6BC6-774E-4A52-A211-DC32573955C7}.Release|Any CPU.ActiveCfg = Release|Win32
		{3CCE6BC6-774E-4A52-A211-DC32573955C7}.Release|Mixed Platforms.ActiveCfg = Release|Win32
		{3CCE6BC6-774E-4A52-A211-DC32573955C7}.Release|Mixed Platforms.Build.0 = Release|Win32
		{3CCE6BC6-774E-4A52-A211-DC32573955C7}.Release|Win32.ActiveCfg = Release|Win32
		{3CCE6BC6-774E-4A52-A211-DC32573955C7}.Release|Win32.Build.0 = Release|Win32
		{3CCE6BC6-774E-4A52-A211-DC32573955C7}.Template|Any CPU.ActiveCfg = Release|Win32
		{3CCE6BC6-774E-4A52-A211-DC32573955C7}.Template|Mixed Platforms.ActiveCfg = Release|Win32
		{3CCE6BC6-774E-4A52-A211-DC32573955C7}.Template|Mixed Platforms.Build.0 = Release|Win32
		{3CCE6BC6-774E-4A52-A211-DC32573955C7}.Template|Win32.ActiveCfg = Release|Win32
		{3CCE6BC6-774E-4A52-A211-DC32573955C7}.Template|Win32.Build.0 = Release|Win32
		{F86C8123-DAA0-44C4-B1B1-B5F0AD447FA5}.Debug|Any CPU.ActiveCfg = Debug|Win32
		{F86C8123-DAA0-44C4-B1B1-B5F0AD447FA5}.Debug|Mixed Platforms.ActiveCfg = Debug|Win32
		{F86C8123-DAA0-44C4-B1B1-B5F0AD447FA5}.Debug|Mixed Platforms.Build.0 = Debug|Win32
		{F86C8123-DAA0-44C4-B1B1-B5F0AD447FA5}.Debug|Win32.ActiveCfg = Debug|Win32
		{F86C8123-DAA0-44C4-B1B1-B5F0AD447FA5}.Debug|Win32.Build.0 = Debug|Win32
		{F86C8123-DAA0-44C4-B1B1-B5F0AD447FA5}.Release|Any CPU.ActiveCfg = Release|Win32
		{F86C8123-DAA0-44C4-B1B1-B5F0AD447FA5}.Release|Mixed Platforms.ActiveCfg = Release|Win32
		{F86C8123-DAA0-44C4-B1B1-B5F0AD447FA5}.Release|Mixed Platforms.Build.0 = Release|Win32
		{F86C8123-DAA0-44C4-B1B1-B5F0AD447FA5}.Release|Win32.ActiveCfg = Release|Win32
		{F86C8123-DAA0-44C4-B1B1-B5F0AD447FA5}.Release|Win32.Build.0 = Release|Win32
		{F86C8123-DAA0-44C4-B1B1-B5F0AD447FA5}.Template|Any CPU.ActiveCfg = Template|Win32
		{F86C8123-DAA0-44C4-B1B1-B5F0AD447FA5}.Template|Mixed Platforms.ActiveCfg = Template|Win32
		{F86C8123-DAA0-44C4-B1B1-B5F0AD447FA5}.Template|Mixed Platforms.Build.0 = Template|Win32
		{F86C8123-DAA0-44C4-B1B1-B5F0AD447FA5}.Template|Win32.ActiveCfg = Template|Win32
		{F86C8123-DAA0-44C4-B1B1-B5F0AD447FA5}.Template|Win32.Build.0 = Template|Win32
		{9158C2D5-B93E-4A62-85CB-78FB8EBEE2FF}.Debug|Any CPU.ActiveCfg = Debug|Win32
		{9158C2D5-B93E-4A62-85CB-78FB8EBEE2FF}.Debug|Mixed Platforms.ActiveCfg = Debug|Win32
		{9158C2D5-B93E-4A62-85CB-78FB8EBEE2FF}.Debug|Mixed Platforms.Build.0 = Debug|Win32
		{9158C2D5-B93E-4A62-85CB-78FB8EBEE2FF}.Debug|Win32.ActiveCfg = Debug|Win32
		{9158C2D5-B93E-4A62-85CB-78FB8EBEE2FF}.Debug|Win32.Build.0 = Debug|Win32
		{9158C2D5-B93E-4A62-85CB-78FB8EBEE2FF}.Release|Any CPU.ActiveCfg = Release|Win32
		{9158C2D5-B93E-4A62-85CB-78FB8EBEE2FF}.Release|Mixed Platforms.ActiveCfg = Release|Win32
		{9158C2D5-B93E-4A62-85CB-78FB8EBEE2FF}.Release|Mixed Platforms.Build.0 = Release|Win32
		{9158C2D5-B93E-4A62-85CB-78FB8EBEE2FF}.Release|Win32.ActiveCfg = Release|Win32
		{9158C2D5-B93E-4A62-85CB-78FB8EBEE2FF}.Release|Win32.Build.0 = Release|Win32
		{9158C2D5-B93E-4A62-85CB-78FB8EBEE2FF}.Template|Any CPU.ActiveCfg = Release|Win32
		{9158C2D5-B93E-4A62-85CB-78FB8EBEE2FF}.Template|Mixed Platforms.ActiveCfg = Release|Win32
		{9158C2D5-B93E-4A62-85CB-78FB8EBEE2FF}.Template|Mixed Platforms.Build.0 = Release|Win32
		{9158C2D5-B93E-4A62-85CB-78FB8EBEE2FF}.Template|Win32.ActiveCfg = Release|Win32
		{9158C2D5-B93E-4A62-85CB-78FB8EBEE2FF}.Template|Win32.Build.0 = Release|Win32
		{D6C14753-EB98-4F5F-BF42-A358317C080B}.Debug|Any CPU.ActiveCfg = Debug|Any CPU
		{D6C14753-EB98-4F5F-BF42-A358317C080B}.Debug|Any CPU.Build.0 = Debug|Any CPU
		{D6C14753-EB98-4F5F-BF42-A358317C080B}.Debug|Mixed Platforms.ActiveCfg = Debug|Any CPU
		{D6C14753-EB98-4F5F-BF42-A358317C080B}.Debug|Mixed Platforms.Build.0 = Debug|Any CPU
		{D6C14753-EB98-4F5F-BF42-A358317C080B}.Debug|Win32.ActiveCfg = Debug|Any CPU
		{D6C14753-EB98-4F5F-BF42-A358317C080B}.Release|Any CPU.ActiveCfg = Release|Any CPU
		{D6C14753-EB98-4F5F-BF42-A358317C080B}.Release|Any CPU.Build.0 = Release|Any CPU
		{D6C14753-EB98-4F5F-BF42-A358317C080B}.Release|Mixed Platforms.ActiveCfg = Release|Any CPU
		{D6C14753-EB98-4F5F-BF42-A358317C080B}.Release|Mixed Platforms.Build.0 = Release|Any CPU
		{D6C14753-EB98-4F5F-BF42-A358317C080B}.Release|Win32.ActiveCfg = Release|Any CPU
		{D6C14753-EB98-4F5F-BF42-A358317C080B}.Template|Any CPU.ActiveCfg = Release|Any CPU
		{D6C14753-EB98-4F5F-BF42-A358317C080B}.Template|Any CPU.Build.0 = Release|Any CPU
		{D6C14753-EB98-4F5F-BF42-A358317C080B}.Template|Mixed Platforms.ActiveCfg = Release|Any CPU
		{D6C14753-EB98-4F5F-BF42-A358317C080B}.Template|Mixed Platforms.Build.0 = Release|Any CPU
		{D6C14753-EB98-4F5F-BF42-A358317C080B}.Template|Win32.ActiveCfg = Release|Any CPU
	EndGlobalSection
	GlobalSection(SolutionProperties) = preSolution
		HideSolutionNode = FALSE
	EndGlobalSection
EndGlobal
