<?xml version="1.0" encoding="utf-8"?>
<Project ToolsVersion="4.0" xmlns="http://schemas.microsoft.com/developer/msbuild/2003">
  <ItemGroup>
    <Filter Include="Source Files">
      <UniqueIdentifier>{49aea480-3670-4a76-b736-af919d5767fc}</UniqueIdentifier>
      <Extensions>cpp;c;cxx;rc;def;r;odl;idl;hpj;bat</Extensions>
    </Filter>
    <Filter Include="Header Files">
      <UniqueIdentifier>{934cff8c-f292-45c8-a5a2-d1f8c358af77}</UniqueIdentifier>
      <Extensions>h;hpp;hxx;hm;inl</Extensions>
    </Filter>
    <Filter Include="Resource Files">
      <UniqueIdentifier>{f21c01e2-97fe-4780-ae12-4ccbcfbaac34}</UniqueIdentifier>
      <Extensions>ico;cur;bmp;dlg;rc2;rct;bin;rgs;gif;jpg;jpeg;jpe</Extensions>
    </Filter>
    <Filter Include="NDK Sources Files">
      <UniqueIdentifier>{b28e5d5c-7489-4a1d-aa5e-1f9b637f744c}</UniqueIdentifier>
      <Extensions>cpp</Extensions>
    </Filter>
    <Filter Include="NDK Header Files">
      <UniqueIdentifier>{a0da3c3e-e75c-4452-a408-a1a46c09852e}</UniqueIdentifier>
      <Extensions>h</Extensions>
    </Filter>
  </ItemGroup>
  <ItemGroup>
    <ClCompile Include="ChatClient.cpp">
      <Filter>Source Files</Filter>
    </ClCompile>
    <ClCompile Include="ChatClientDlg.cpp">
      <Filter>Source Files</Filter>
    </ClCompile>
    <ClCompile Include="StdAfx.cpp">
      <Filter>Source Files</Filter>
    </ClCompile>
    <ClCompile Include="NDK\NDKClient.cpp">
      <Filter>NDK Sources Files</Filter>
    </ClCompile>
    <ClCompile Include="NDK\NDKClientSocket.cpp">
      <Filter>NDK Sources Files</Filter>
    </ClCompile>
    <ClCompile Include="NDK\NDKDataBuffer.cpp">
      <Filter>NDK Sources Files</Filter>
    </ClCompile>
    <ClCompile Include="NDK\NDKMessage.cpp">
      <Filter>NDK Sources Files</Filter>
    </ClCompile>
    <ClCompile Include="NDK\NDKMessageData.cpp">
      <Filter>NDK Sources Files</Filter>
    </ClCompile>
    <ClCompile Include="NDK\AOISocketFile.cpp">
      <Filter>NDK Sources Files</Filter>
    </ClCompile>
  </ItemGroup>
  <ItemGroup>
    <ResourceCompile Include="ChatClient.rc">
      <Filter>Source Files</Filter>
    </ResourceCompile>
  </ItemGroup>
  <ItemGroup>
    <ClInclude Include="ChatClient.h">
      <Filter>Header Files</Filter>
    </ClInclude>
    <ClInclude Include="ChatClientDlg.h">
      <Filter>Header Files</Filter>
    </ClInclude>
    <ClInclude Include="ChatMessage.h">
      <Filter>Header Files</Filter>
    </ClInclude>
    <ClInclude Include="Resource.h">
      <Filter>Header Files</Filter>
    </ClInclude>
    <ClInclude Include="StdAfx.h">
      <Filter>Header Files</Filter>
    </ClInclude>
    <ClInclude Include="NDK\NDKClient.h">
      <Filter>NDK Header Files</Filter>
    </ClInclude>
    <ClInclude Include="NDK\NDKClientSocket.h">
      <Filter>NDK Header Files</Filter>
    </ClInclude>
    <ClInclude Include="NDK\NDKDataBuffer.h">
      <Filter>NDK Header Files</Filter>
    </ClInclude>
    <ClInclude Include="NDK\NDKDefines.h">
      <Filter>NDK Header Files</Filter>
    </ClInclude>
    <ClInclude Include="NDK\NDKMessage.h">
      <Filter>NDK Header Files</Filter>
    </ClInclude>
    <ClInclude Include="NDK\NDKMessageData.h">
      <Filter>NDK Header Files</Filter>
    </ClInclude>
    <ClInclude Include="NDK\AOISocketFile.h">
      <Filter>NDK Sources Files</Filter>
    </ClInclude>
  </ItemGroup>
  <ItemGroup>
    <Image Include="res\ChatClient.ico">
      <Filter>Resource Files</Filter>
    </Image>
  </ItemGroup>
  <ItemGroup>
    <Text Include="ReadMe.txt" />
  </ItemGroup>
  <ItemGroup>
    <CustomBuild Include="res\ChatClient.rc2">
      <Filter>Resource Files</Filter>
    </CustomBuild>
  </ItemGroup>
</Project>